
Microsoft Visual Studio Solution File, Format Version 12.00
# Visual Studio Version 17
VisualStudioVersion = 17.7.34221.43
MinimumVisualStudioVersion = 10.0.40219.1
Project("{9A19103F-16F7-4668-BE54-9A1E7A4F7556}") = "CRUDWithWebAPI", "CRUDWithWebAPI.csproj", "{BB24717F-9021-4B05-9162-57EB7C269D28}"
EndProject
Global
	GlobalSection(SolutionConfigurationPlatforms) = preSolution
		Debug|Any CPU = Debug|Any CPU
		Release|Any CPU = Release|Any CPU
	EndGlobalSection
	GlobalSection(ProjectConfigurationPlatforms) = postSolution
		{BB24717F-9021-4B05-9162-57EB7C269D28}.Debug|Any CPU.ActiveCfg = Debug|Any CPU
		{BB24717F-9021-4B05-9162-57EB7C269D28}.Debug|Any CPU.Build.0 = Debug|Any CPU
		{BB24717F-9021-4B05-9162-57EB7C269D28}.Release|Any CPU.ActiveCfg = Release|Any CPU
		{BB24717F-9021-4B05-9162-57EB7C269D28}.Release|Any CPU.Build.0 = Release|Any CPU
	EndGlobalSection
	GlobalSection(SolutionProperties) = preSolution
		HideSolutionNode = FALSE
	EndGlobalSection
	GlobalSection(ExtensibilityGlobals) = postSolution
		SolutionGuid = {2AD34975-2064-4662-B6E6-7CE4A4A2EC04}
	EndGlobalSection
EndGlobal
